<?xml version="1.0" encoding="utf-8"?>
<Project ToolsVersion="4.0" xmlns="http://schemas.microsoft.com/developer/msbuild/2003">
  <ItemGroup>
    <ClCompile Include="FrameData.cpp" />
    <ClCompile Include="mtlLoader.cpp" />
    <ClCompile Include="objLoader.cpp" />
    <ClCompile Include="PerspectiveCamera.cpp" />
    <ClCompile Include="Engine.cpp" />
    <ClCompile Include="Game.cpp" />
    <ClCompile Include="main.cpp" />
    <ClCompile Include="Material.cpp" />
    <ClCompile Include="Mesh.cpp" />
    <ClCompile Include="Renderer.cpp" />
    <ClCompile Include="Scene.cpp" />
    <ClCompile Include="Shader.cpp" />
    <ClCompile Include="TechDemo.cpp" />
    <ClCompile Include="Texture.cpp" />
    <ClCompile Include="Transform.cpp" />
    <ClCompile Include="Light.cpp" />
    <ClCompile Include="hardware.cpp" />
    <ClCompile Include="SceneGraphNode.cpp" />
    <ClCompile Include="Skybox.cpp" />
  </ItemGroup>
  <ItemGroup>
    <ClInclude Include="Camera.h" />
    <ClInclude Include="Engine.h" />
    <ClInclude Include="FrameData.h" />
    <ClInclude Include="Game.h" />
    <ClInclude Include="Material.h" />
    <ClInclude Include="Mesh.h" />
    <ClInclude Include="mtlLoader.h" />
    <ClInclude Include="objLoader.h" />
    <ClInclude Include="PerspectiveCamera.h" />
    <ClInclude Include="Ray.h" />
    <ClInclude Include="RayHit.h" />
    <ClInclude Include="Renderer.h" />
    <ClInclude Include="Scene.h" />
    <ClInclude Include="Shader.h" />
    <ClInclude Include="TechDemo.h" />
    <ClInclude Include="Texture.h" />
    <ClInclude Include="Transform.h" />
    <ClInclude Include="Light.h" />
    <ClInclude Include="hardware.h" />
    <ClInclude Include="SceneGraphNode.h" />
    <ClInclude Include="Skybox.h" />
  </ItemGroup>
</Project>